
Microsoft Visual Studio Solution File, Format Version 12.00
# Visual Studio Version 17
VisualStudioVersion = 17.4.33110.190
MinimumVisualStudioVersion = 10.0.40219.1
Project("{9A19103F-16F7-4668-BE54-9A1E7A4F7556}") = "Fjosid", "Fjosid.csproj", "{184031A5-E306-43A5-BC17-691AC7B68352}"
EndProject
Global
	GlobalSection(SolutionConfigurationPlatforms) = preSolution
		Debug|Any CPU = Debug|Any CPU
		Release|Any CPU = Release|Any CPU
	EndGlobalSection
	GlobalSection(ProjectConfigurationPlatforms) = postSolution
		{184031A5-E306-43A5-BC17-691AC7B68352}.Debug|Any CPU.ActiveCfg = Debug|Any CPU
		{184031A5-E306-43A5-BC17-691AC7B68352}.Debug|Any CPU.Build.0 = Debug|Any CPU
		{184031A5-E306-43A5-BC17-691AC7B68352}.Release|Any CPU.ActiveCfg = Release|Any CPU
		{184031A5-E306-43A5-BC17-691AC7B68352}.Release|Any CPU.Build.0 = Release|Any CPU
	EndGlobalSection
	GlobalSection(SolutionProperties) = preSolution
		HideSolutionNode = FALSE
	EndGlobalSection
	GlobalSection(ExtensibilityGlobals) = postSolution
		SolutionGuid = {CA722A9E-C65C-4595-A727-CF89BA76E5A4}
	EndGlobalSection
EndGlobal
